
Microsoft Visual Studio Solution File, Format Version 12.00
# Visual Studio Version 17
VisualStudioVersion = 17.13.35931.197
MinimumVisualStudioVersion = 10.0.40219.1
Project("{FAE04EC0-301F-11D3-BF4B-00C04F79EFBC}") = "StudentNameMVC", "StudentNameMVC\StudentNameMVC.csproj", "{A809CE6F-2FA6-4F83-91B8-BBA4D2401DC0}"
EndProject
Project("{FAE04EC0-301F-11D3-BF4B-00C04F79EFBC}") = "BusinessLogic", "DataAccessObjects\BusinessLogic.csproj", "{123B174E-BD24-4FF2-2A35-4290DBA76B6F}"
EndProject
Project("{FAE04EC0-301F-11D3-BF4B-00C04F79EFBC}") = "DataAccess", "Services\DataAccess.csproj", "{97207750-6972-232F-BB7B-6106666106AF}"
EndProject
Project("{FAE04EC0-301F-11D3-BF4B-00C04F79EFBC}") = "Repositories", "Repositories\Repositories.csproj", "{B3A0F113-72DB-4183-A3F6-14CCE3B02409}"
EndProject
Global
	GlobalSection(SolutionConfigurationPlatforms) = preSolution
		Debug|Any CPU = Debug|Any CPU
		Release|Any CPU = Release|Any CPU
	EndGlobalSection
	GlobalSection(ProjectConfigurationPlatforms) = postSolution
		{A809CE6F-2FA6-4F83-91B8-BBA4D2401DC0}.Debug|Any CPU.ActiveCfg = Debug|Any CPU
		{A809CE6F-2FA6-4F83-91B8-BBA4D2401DC0}.Debug|Any CPU.Build.0 = Debug|Any CPU
		{A809CE6F-2FA6-4F83-91B8-BBA4D2401DC0}.Release|Any CPU.ActiveCfg = Release|Any CPU
		{A809CE6F-2FA6-4F83-91B8-BBA4D2401DC0}.Release|Any CPU.Build.0 = Release|Any CPU
		{123B174E-BD24-4FF2-2A35-4290DBA76B6F}.Debug|Any CPU.ActiveCfg = Debug|Any CPU
		{123B174E-BD24-4FF2-2A35-4290DBA76B6F}.Debug|Any CPU.Build.0 = Debug|Any CPU
		{123B174E-BD24-4FF2-2A35-4290DBA76B6F}.Release|Any CPU.ActiveCfg = Release|Any CPU
		{123B174E-BD24-4FF2-2A35-4290DBA76B6F}.Release|Any CPU.Build.0 = Release|Any CPU
		{97207750-6972-232F-BB7B-6106666106AF}.Debug|Any CPU.ActiveCfg = Debug|Any CPU
		{97207750-6972-232F-BB7B-6106666106AF}.Debug|Any CPU.Build.0 = Debug|Any CPU
		{97207750-6972-232F-BB7B-6106666106AF}.Release|Any CPU.ActiveCfg = Release|Any CPU
		{97207750-6972-232F-BB7B-6106666106AF}.Release|Any CPU.Build.0 = Release|Any CPU
		{B3A0F113-72DB-4183-A3F6-14CCE3B02409}.Debug|Any CPU.ActiveCfg = Debug|Any CPU
		{B3A0F113-72DB-4183-A3F6-14CCE3B02409}.Debug|Any CPU.Build.0 = Debug|Any CPU
		{B3A0F113-72DB-4183-A3F6-14CCE3B02409}.Release|Any CPU.ActiveCfg = Release|Any CPU
		{B3A0F113-72DB-4183-A3F6-14CCE3B02409}.Release|Any CPU.Build.0 = Release|Any CPU
	EndGlobalSection
	GlobalSection(SolutionProperties) = preSolution
		HideSolutionNode = FALSE
	EndGlobalSection
	GlobalSection(ExtensibilityGlobals) = postSolution
		SolutionGuid = {81C3C776-609A-4FF4-A0C3-8327CBC0B03B}
	EndGlobalSection
EndGlobal
